{
  "name": "chessServer",
  "version": "1.0.0",
  "lockfileVersion": 1,
  "requires": true,
  "dependencies": {
    "options": {
      "version": "0.0.6",
      "resolved": "https://registry.npmjs.org/options/-/options-0.0.6.tgz",
      "integrity": "sha1-7CLTEoBrtT5zF3Pnza788cZDEo8="
    },
    "sax": {
      "version": "1.2.4",
      "resolved": "https://registry.npmjs.org/sax/-/sax-1.2.4.tgz",
      "integrity": "sha512-NqVDv9TpANUjFm0N8uM5GxL36UgKi9/atZw+x7YFnQ8ckwFGKrl4xX4yWtrey3UJm5nP1kUbnYgLopqWNSRhWw=="
    },
    "ultron": {
      "version": "1.0.2",
      "resolved": "https://registry.npmjs.org/ultron/-/ultron-1.0.2.tgz",
      "integrity": "sha1-rOEWq1V80Zc4ak6I9GhTeMiy5Po="
    },
    "ws": {
      "version": "1.1.5",
      "resolved": "https://registry.npmjs.org/ws/-/ws-1.1.5.tgz",
      "integrity": "sha1-y9nm514J/F0skAFfIfDECHXg3VE=",
      "requires": {
        "options": "0.0.6",
        "ultron": "1.0.2"
      }
    },
    "xelement": {
      "version": "1.0.17",
      "resolved": "https://registry.npmjs.org/xelement/-/xelement-1.0.17.tgz",
      "integrity": "sha1-6dEkl68ed5IrRWrLINgIzUQZO6c=",
      "requires": {
        "sax": "1.2.4"
      }
    }
  }
}
